{
  "nodes": {
    "nixpkgs": {
      "locked": {
        "lastModified": 1728979988,
        "narHash": "sha256-GBJRnbFLDg0y7ridWJHAP4Nn7oss50/VNgqoXaf/RVk=",
        "owner": "NixOS",
        "repo": "nixpkgs",
        "rev": "7881fbfd2e3ed1dfa315fca889b2cfd94be39337",
        "type": "github"
      },
      "original": {
        "owner": "NixOS",
        "ref": "nixpkgs-unstable",
        "repo": "nixpkgs",
        "type": "github"
      }
    },
    "root": {
      "inputs": {
        "nixpkgs": "nixpkgs",
        "zmk-nix": "zmk-nix"
      }
    },
    "zmk-nix": {
      "inputs": {
        "nixpkgs": [
          "nixpkgs"
        ]
      },
      "locked": {
        "lastModified": 1728779707,
        "narHash": "sha256-CBwMbCD++SHfXVS9zrVR8XXkfmTdGC0MbnJ0vWh/09w=",
        "owner": "lilyinstarlight",
        "repo": "zmk-nix",
        "rev": "b54456b95b84aca6cb087bc75a68e34031fbeed2",
        "type": "github"
      },
      "original": {
        "owner": "lilyinstarlight",
        "repo": "zmk-nix",
        "type": "github"
      }
    }
  },
  "root": "root",
  "version": 7
}
